// !$*UTF8*$!
{
	archiveVersion = 1;
	classes = {
	};
	objectVersion = 46;
	objects = {

/* Begin PBXBuildFile section */
		851240ED18790365000DDD44 /* Foundation.framework in Frameworks */ = {isa = PBXBuildFile; fileRef = 851240EC18790365000DDD44 /* Foundation.framework */; };
		851240EF18790365000DDD44 /* CoreGraphics.framework in Frameworks */ = {isa = PBXBuildFile; fileRef = 851240EE18790365000DDD44 /* CoreGraphics.framework */; };
		851240F118790365000DDD44 /* UIKit.framework in Frameworks */ = {isa = PBXBuildFile; fileRef = 851240F018790365000DDD44 /* UIKit.framework */; };
		851240F718790365000DDD44 /* InfoPlist.strings in Resources */ = {isa = PBXBuildFile; fileRef = 851240F518790365000DDD44 /* InfoPlist.strings */; };
		851240F918790365000DDD44 /* main.m in Sources */ = {isa = PBXBuildFile; fileRef = 851240F818790365000DDD44 /* main.m */; };
		851240FD18790365000DDD44 /* AppDelegate.m in Sources */ = {isa = PBXBuildFile; fileRef = 851240FC18790365000DDD44 /* AppDelegate.m */; };
		8512410018790365000DDD44 /* Main.storyboard in Resources */ = {isa = PBXBuildFile; fileRef = 851240FE18790365000DDD44 /* Main.storyboard */; };
		8512410318790365000DDD44 /* ViewController.m in Sources */ = {isa = PBXBuildFile; fileRef = 8512410218790365000DDD44 /* ViewController.m */; };
		8512410518790365000DDD44 /* Images.xcassets in Resources */ = {isa = PBXBuildFile; fileRef = 8512410418790365000DDD44 /* Images.xcassets */; };
		8512410C18790365000DDD44 /* XCTest.framework in Frameworks */ = {isa = PBXBuildFile; fileRef = 8512410B18790365000DDD44 /* XCTest.framework */; };
		8512410D18790365000DDD44 /* Foundation.framework in Frameworks */ = {isa = PBXBuildFile; fileRef = 851240EC18790365000DDD44 /* Foundation.framework */; };
		8512410E18790365000DDD44 /* UIKit.framework in Frameworks */ = {isa = PBXBuildFile; fileRef = 851240F018790365000DDD44 /* UIKit.framework */; };
		8512411618790365000DDD44 /* InfoPlist.strings in Resources */ = {isa = PBXBuildFile; fileRef = 8512411418790365000DDD44 /* InfoPlist.strings */; };
		8512411818790365000DDD44 /* COToolsSampleTests.m in Sources */ = {isa = PBXBuildFile; fileRef = 8512411718790365000DDD44 /* COToolsSampleTests.m */; };
		85124126187903DE000DDD44 /* TestCell.xib in Resources */ = {isa = PBXBuildFile; fileRef = 85124121187903DE000DDD44 /* TestCell.xib */; };
		85124127187903DE000DDD44 /* TestCell.m in Sources */ = {isa = PBXBuildFile; fileRef = 85124122187903DE000DDD44 /* TestCell.m */; };
		85124128187903DE000DDD44 /* TestDomain.m in Sources */ = {isa = PBXBuildFile; fileRef = 85124125187903DE000DDD44 /* TestDomain.m */; };
		85124171187903EB000DDD44 /* COTools.podspec in Resources */ = {isa = PBXBuildFile; fileRef = 85124129187903EB000DDD44 /* COTools.podspec */; };
		85124172187903EB000DDD44 /* COCategory.m in Sources */ = {isa = PBXBuildFile; fileRef = 8512412E187903EB000DDD44 /* COCategory.m */; };
		85124173187903EB000DDD44 /* NSData+CO.m in Sources */ = {isa = PBXBuildFile; fileRef = 85124130187903EB000DDD44 /* NSData+CO.m */; };
		85124174187903EB000DDD44 /* NSDate+CO.m in Sources */ = {isa = PBXBuildFile; fileRef = 85124132187903EB000DDD44 /* NSDate+CO.m */; };
		85124175187903EB000DDD44 /* NSObject+CO.m in Sources */ = {isa = PBXBuildFile; fileRef = 85124134187903EB000DDD44 /* NSObject+CO.m */; };
		85124176187903EB000DDD44 /* NSString+CO.m in Sources */ = {isa = PBXBuildFile; fileRef = 85124136187903EB000DDD44 /* NSString+CO.m */; };
		85124177187903EB000DDD44 /* UIButton+CO.m in Sources */ = {isa = PBXBuildFile; fileRef = 85124138187903EB000DDD44 /* UIButton+CO.m */; };
		85124178187903EB000DDD44 /* UIColor+CO.m in Sources */ = {isa = PBXBuildFile; fileRef = 8512413A187903EB000DDD44 /* UIColor+CO.m */; };
		85124179187903EB000DDD44 /* UIControl+CO.m in Sources */ = {isa = PBXBuildFile; fileRef = 8512413C187903EB000DDD44 /* UIControl+CO.m */; };
		8512417A187903EB000DDD44 /* UIDevice+CO.m in Sources */ = {isa = PBXBuildFile; fileRef = 8512413E187903EB000DDD44 /* UIDevice+CO.m */; };
		8512417B187903EB000DDD44 /* UIImage+CO.m in Sources */ = {isa = PBXBuildFile; fileRef = 85124140187903EB000DDD44 /* UIImage+CO.m */; };
		8512417C187903EB000DDD44 /* UILabel+CO.m in Sources */ = {isa = PBXBuildFile; fileRef = 85124142187903EB000DDD44 /* UILabel+CO.m */; };
		8512417D187903EB000DDD44 /* UIScrollView+CO.m in Sources */ = {isa = PBXBuildFile; fileRef = 85124144187903EB000DDD44 /* UIScrollView+CO.m */; };
		8512417E187903EB000DDD44 /* UITableView+CO.m in Sources */ = {isa = PBXBuildFile; fileRef = 85124146187903EB000DDD44 /* UITableView+CO.m */; };
		8512417F187903EB000DDD44 /* UITextField+CO.m in Sources */ = {isa = PBXBuildFile; fileRef = 85124148187903EB000DDD44 /* UITextField+CO.m */; };
		85124180187903EB000DDD44 /* UITextView+CO.m in Sources */ = {isa = PBXBuildFile; fileRef = 8512414A187903EB000DDD44 /* UITextView+CO.m */; };
		85124181187903EB000DDD44 /* UIView+CO.m in Sources */ = {isa = PBXBuildFile; fileRef = 8512414C187903EB000DDD44 /* UIView+CO.m */; };
		85124182187903EB000DDD44 /* COAppTool.m in Sources */ = {isa = PBXBuildFile; fileRef = 8512414F187903EB000DDD44 /* COAppTool.m */; };
		85124183187903EB000DDD44 /* COBaseTool.m in Sources */ = {isa = PBXBuildFile; fileRef = 85124151187903EB000DDD44 /* COBaseTool.m */; };
		85124184187903EB000DDD44 /* COBlockTool.m in Sources */ = {isa = PBXBuildFile; fileRef = 85124153187903EB000DDD44 /* COBlockTool.m */; };
		85124185187903EB000DDD44 /* COCommTool.m in Sources */ = {isa = PBXBuildFile; fileRef = 85124155187903EB000DDD44 /* COCommTool.m */; };
		85124186187903EB000DDD44 /* COCrashTool.m in Sources */ = {isa = PBXBuildFile; fileRef = 85124157187903EB000DDD44 /* COCrashTool.m */; };
		85124187187903EB000DDD44 /* CODefineTool.m in Sources */ = {isa = PBXBuildFile; fileRef = 85124159187903EB000DDD44 /* CODefineTool.m */; };
		85124188187903EB000DDD44 /* COImagePickerTool.m in Sources */ = {isa = PBXBuildFile; fileRef = 8512415B187903EB000DDD44 /* COImagePickerTool.m */; };
		85124189187903EB000DDD44 /* COLogTool.m in Sources */ = {isa = PBXBuildFile; fileRef = 8512415D187903EB000DDD44 /* COLogTool.m */; };
		8512418A187903EB000DDD44 /* COPhoneTool.m in Sources */ = {isa = PBXBuildFile; fileRef = 8512415F187903EB000DDD44 /* COPhoneTool.m */; };
		8512418B187903EB000DDD44 /* TableViewDataHandler.m in Sources */ = {isa = PBXBuildFile; fileRef = 85124161187903EB000DDD44 /* TableViewDataHandler.m */; };
		8512418D187903EB000DDD44 /* COBaseCell.m in Sources */ = {isa = PBXBuildFile; fileRef = 85124166187903EB000DDD44 /* COBaseCell.m */; };
		8512418E187903EB000DDD44 /* COBaseDomain.m in Sources */ = {isa = PBXBuildFile; fileRef = 85124168187903EB000DDD44 /* COBaseDomain.m */; };
		8512418F187903EB000DDD44 /* COBaseV.m in Sources */ = {isa = PBXBuildFile; fileRef = 8512416A187903EB000DDD44 /* COBaseV.m */; };
		85124190187903EB000DDD44 /* COBaseVC.m in Sources */ = {isa = PBXBuildFile; fileRef = 8512416C187903EB000DDD44 /* COBaseVC.m */; };
		85124192187903EB000DDD44 /* test in Resources */ = {isa = PBXBuildFile; fileRef = 85124170187903EB000DDD44 /* test */; };
		8512419518794165000DDD44 /* COParseTool.m in Sources */ = {isa = PBXBuildFile; fileRef = 8512419418794165000DDD44 /* COParseTool.m */; };
		8512419818794222000DDD44 /* COTools.m in Sources */ = {isa = PBXBuildFile; fileRef = 8512419718794222000DDD44 /* COTools.m */; };
		8512419B18794230000DDD44 /* COUtils.m in Sources */ = {isa = PBXBuildFile; fileRef = 8512419A18794230000DDD44 /* COUtils.m */; };
		8535AF6A188FAE5500ED38EB /* JsonParseTest.m in Sources */ = {isa = PBXBuildFile; fileRef = 8535AF69188FAE5500ED38EB /* JsonParseTest.m */; };
		8535AFBB188FB64A00ED38EB /* COCategory.m in Sources */ = {isa = PBXBuildFile; fileRef = 8512412E187903EB000DDD44 /* COCategory.m */; };
		8535AFBC188FB64A00ED38EB /* NSData+CO.m in Sources */ = {isa = PBXBuildFile; fileRef = 85124130187903EB000DDD44 /* NSData+CO.m */; };
		8535AFBD188FB64A00ED38EB /* NSDate+CO.m in Sources */ = {isa = PBXBuildFile; fileRef = 85124132187903EB000DDD44 /* NSDate+CO.m */; };
		8535AFBE188FB64A00ED38EB /* NSObject+CO.m in Sources */ = {isa = PBXBuildFile; fileRef = 85124134187903EB000DDD44 /* NSObject+CO.m */; };
		8535AFBF188FB64A00ED38EB /* NSString+CO.m in Sources */ = {isa = PBXBuildFile; fileRef = 85124136187903EB000DDD44 /* NSString+CO.m */; };
		8535AFC0188FB64A00ED38EB /* UIButton+CO.m in Sources */ = {isa = PBXBuildFile; fileRef = 85124138187903EB000DDD44 /* UIButton+CO.m */; };
		8535AFC1188FB64A00ED38EB /* UIColor+CO.m in Sources */ = {isa = PBXBuildFile; fileRef = 8512413A187903EB000DDD44 /* UIColor+CO.m */; };
		8535AFC2188FB64A00ED38EB /* UIControl+CO.m in Sources */ = {isa = PBXBuildFile; fileRef = 8512413C187903EB000DDD44 /* UIControl+CO.m */; };
		8535AFC3188FB64A00ED38EB /* UIDevice+CO.m in Sources */ = {isa = PBXBuildFile; fileRef = 8512413E187903EB000DDD44 /* UIDevice+CO.m */; };
		8535AFC4188FB64A00ED38EB /* UIImage+CO.m in Sources */ = {isa = PBXBuildFile; fileRef = 85124140187903EB000DDD44 /* UIImage+CO.m */; };
		8535AFC5188FB64A00ED38EB /* UILabel+CO.m in Sources */ = {isa = PBXBuildFile; fileRef = 85124142187903EB000DDD44 /* UILabel+CO.m */; };
		8535AFC6188FB64A00ED38EB /* UIScrollView+CO.m in Sources */ = {isa = PBXBuildFile; fileRef = 85124144187903EB000DDD44 /* UIScrollView+CO.m */; };
		8535AFC7188FB64A00ED38EB /* UITableView+CO.m in Sources */ = {isa = PBXBuildFile; fileRef = 85124146187903EB000DDD44 /* UITableView+CO.m */; };
		8535AFC8188FB64A00ED38EB /* UITextField+CO.m in Sources */ = {isa = PBXBuildFile; fileRef = 85124148187903EB000DDD44 /* UITextField+CO.m */; };
		8535AFC9188FB64A00ED38EB /* UITextView+CO.m in Sources */ = {isa = PBXBuildFile; fileRef = 8512414A187903EB000DDD44 /* UITextView+CO.m */; };
		8535AFCA188FB64A00ED38EB /* UIView+CO.m in Sources */ = {isa = PBXBuildFile; fileRef = 8512414C187903EB000DDD44 /* UIView+CO.m */; };
		8535AFCB188FB64A00ED38EB /* COTools.m in Sources */ = {isa = PBXBuildFile; fileRef = 8512419718794222000DDD44 /* COTools.m */; };
		8535AFCC188FB64A00ED38EB /* COAppTool.m in Sources */ = {isa = PBXBuildFile; fileRef = 8512414F187903EB000DDD44 /* COAppTool.m */; };
		8535AFCD188FB64A00ED38EB /* COBaseTool.m in Sources */ = {isa = PBXBuildFile; fileRef = 85124151187903EB000DDD44 /* COBaseTool.m */; };
		8535AFCE188FB64A00ED38EB /* COBlockTool.m in Sources */ = {isa = PBXBuildFile; fileRef = 85124153187903EB000DDD44 /* COBlockTool.m */; };
		8535AFCF188FB64A00ED38EB /* COCommTool.m in Sources */ = {isa = PBXBuildFile; fileRef = 85124155187903EB000DDD44 /* COCommTool.m */; };
		8535AFD0188FB64A00ED38EB /* COCrashTool.m in Sources */ = {isa = PBXBuildFile; fileRef = 85124157187903EB000DDD44 /* COCrashTool.m */; };
		8535AFD1188FB64A00ED38EB /* CODefineTool.m in Sources */ = {isa = PBXBuildFile; fileRef = 85124159187903EB000DDD44 /* CODefineTool.m */; };
		8535AFD2188FB64A00ED38EB /* COImagePickerTool.m in Sources */ = {isa = PBXBuildFile; fileRef = 8512415B187903EB000DDD44 /* COImagePickerTool.m */; };
		8535AFD3188FB64A00ED38EB /* COLogTool.m in Sources */ = {isa = PBXBuildFile; fileRef = 8512415D187903EB000DDD44 /* COLogTool.m */; };
		8535AFD4188FB64A00ED38EB /* COPhoneTool.m in Sources */ = {isa = PBXBuildFile; fileRef = 8512415F187903EB000DDD44 /* COPhoneTool.m */; };
		8535AFD5188FB64A00ED38EB /* TableViewDataHandler.m in Sources */ = {isa = PBXBuildFile; fileRef = 85124161187903EB000DDD44 /* TableViewDataHandler.m */; };
		8535AFD6188FB64A00ED38EB /* COParseTool.m in Sources */ = {isa = PBXBuildFile; fileRef = 8512419418794165000DDD44 /* COParseTool.m */; };
		8535AFD7188FB64A00ED38EB /* COBaseCell.m in Sources */ = {isa = PBXBuildFile; fileRef = 85124166187903EB000DDD44 /* COBaseCell.m */; };
		8535AFD8188FB64A00ED38EB /* COBaseDomain.m in Sources */ = {isa = PBXBuildFile; fileRef = 85124168187903EB000DDD44 /* COBaseDomain.m */; };
		8535AFD9188FB64A00ED38EB /* COBaseV.m in Sources */ = {isa = PBXBuildFile; fileRef = 8512416A187903EB000DDD44 /* COBaseV.m */; };
		8535AFDA188FB64A00ED38EB /* COBaseVC.m in Sources */ = {isa = PBXBuildFile; fileRef = 8512416C187903EB000DDD44 /* COBaseVC.m */; };
		8535AFDC188FB64A00ED38EB /* COUtils.m in Sources */ = {isa = PBXBuildFile; fileRef = 8512419A18794230000DDD44 /* COUtils.m */; };
		8535AFDD188FB69800ED38EB /* User.m in Sources */ = {isa = PBXBuildFile; fileRef = 8535AFB0188FB28A00ED38EB /* User.m */; };
		8541129B1924866E006F94E9 /* Identity.m in Sources */ = {isa = PBXBuildFile; fileRef = 8541129A1924866E006F94E9 /* Identity.m */; };
		8586BBAE19081DEE0036CCA8 /* BaseUser.m in Sources */ = {isa = PBXBuildFile; fileRef = 8586BBAD19081DEE0036CCA8 /* BaseUser.m */; };
		85A5986218D99FB600BF9365 /* COPListTool.m in Sources */ = {isa = PBXBuildFile; fileRef = 85A5986118D99FB600BF9365 /* COPListTool.m */; };
		85BF987A18C56B7700185684 /* Test01.m in Sources */ = {isa = PBXBuildFile; fileRef = 85BF987918C56B7700185684 /* Test01.m */; };
		85BF987D18C56D7100185684 /* FruitCell.m in Sources */ = {isa = PBXBuildFile; fileRef = 85BF987C18C56D7100185684 /* FruitCell.m */; };
		85BF987F18C56D7E00185684 /* FruitCell.xib in Resources */ = {isa = PBXBuildFile; fileRef = 85BF987E18C56D7E00185684 /* FruitCell.xib */; };
		85BF988218C56E2B00185684 /* FruitDomain.m in Sources */ = {isa = PBXBuildFile; fileRef = 85BF988118C56E2B00185684 /* FruitDomain.m */; };
		85BF988418C5702A00185684 /* CFNetwork.framework in Frameworks */ = {isa = PBXBuildFile; fileRef = 85BF988318C5702A00185684 /* CFNetwork.framework */; };
		85FA536B18CEA7E70037E9B5 /* Reveal.framework in Frameworks */ = {isa = PBXBuildFile; fileRef = 85FA536A18CEA7E70037E9B5 /* Reveal.framework */; };
		B2D8A171E33040E9AD83CD58 /* libPods.a in Frameworks */ = {isa = PBXBuildFile; fileRef = 4F99BD25704F408090AA1DDB /* libPods.a */; };
		E4AF28E617A14A1D8BFE6DA7 /* libPods-COToolsSampleTests.a in Frameworks */ = {isa = PBXBuildFile; fileRef = 8576B8296DEC4152969CA95C /* libPods-COToolsSampleTests.a */; };
/* End PBXBuildFile section */

/* Begin PBXContainerItemProxy section */
		8512410F18790365000DDD44 /* PBXContainerItemProxy */ = {
			isa = PBXContainerItemProxy;
			containerPortal = 851240E118790365000DDD44 /* Project object */;
			proxyType = 1;
			remoteGlobalIDString = 851240E818790365000DDD44;
			remoteInfo = COToolsSample;
		};
/* End PBXContainerItemProxy section */

/* Begin PBXFileReference section */
		0F6A7D6589DD458F97453C94 /* Pods-COToolsSampleTests.xcconfig */ = {isa = PBXFileReference; includeInIndex = 1; lastKnownFileType = text.xcconfig; name = "Pods-COToolsSampleTests.xcconfig"; path = "Pods/Pods-COToolsSampleTests.xcconfig"; sourceTree = "<group>"; };
		4F99BD25704F408090AA1DDB /* libPods.a */ = {isa = PBXFileReference; explicitFileType = archive.ar; includeInIndex = 0; path = libPods.a; sourceTree = BUILT_PRODUCTS_DIR; };
		851240E918790365000DDD44 /* COToolsSample.app */ = {isa = PBXFileReference; explicitFileType = wrapper.application; includeInIndex = 0; path = COToolsSample.app; sourceTree = BUILT_PRODUCTS_DIR; };
		851240EC18790365000DDD44 /* Foundation.framework */ = {isa = PBXFileReference; lastKnownFileType = wrapper.framework; name = Foundation.framework; path = System/Library/Frameworks/Foundation.framework; sourceTree = SDKROOT; };
		851240EE18790365000DDD44 /* CoreGraphics.framework */ = {isa = PBXFileReference; lastKnownFileType = wrapper.framework; name = CoreGraphics.framework; path = System/Library/Frameworks/CoreGraphics.framework; sourceTree = SDKROOT; };
		851240F018790365000DDD44 /* UIKit.framework */ = {isa = PBXFileReference; lastKnownFileType = wrapper.framework; name = UIKit.framework; path = System/Library/Frameworks/UIKit.framework; sourceTree = SDKROOT; };
		851240F418790365000DDD44 /* COToolsSample-Info.plist */ = {isa = PBXFileReference; lastKnownFileType = text.plist.xml; path = "COToolsSample-Info.plist"; sourceTree = "<group>"; };
		851240F618790365000DDD44 /* en */ = {isa = PBXFileReference; lastKnownFileType = text.plist.strings; name = en; path = en.lproj/InfoPlist.strings; sourceTree = "<group>"; };
		851240F818790365000DDD44 /* main.m */ = {isa = PBXFileReference; lastKnownFileType = sourcecode.c.objc; path = main.m; sourceTree = "<group>"; };
		851240FA18790365000DDD44 /* COToolsSample-Prefix.pch */ = {isa = PBXFileReference; lastKnownFileType = sourcecode.c.h; path = "COToolsSample-Prefix.pch"; sourceTree = "<group>"; };
		851240FB18790365000DDD44 /* AppDelegate.h */ = {isa = PBXFileReference; lastKnownFileType = sourcecode.c.h; path = AppDelegate.h; sourceTree = "<group>"; };
		851240FC18790365000DDD44 /* AppDelegate.m */ = {isa = PBXFileReference; lastKnownFileType = sourcecode.c.objc; path = AppDelegate.m; sourceTree = "<group>"; };
		851240FF18790365000DDD44 /* Base */ = {isa = PBXFileReference; lastKnownFileType = file.storyboard; name = Base; path = Base.lproj/Main.storyboard; sourceTree = "<group>"; };
		8512410118790365000DDD44 /* ViewController.h */ = {isa = PBXFileReference; lastKnownFileType = sourcecode.c.h; path = ViewController.h; sourceTree = "<group>"; };
		8512410218790365000DDD44 /* ViewController.m */ = {isa = PBXFileReference; lastKnownFileType = sourcecode.c.objc; path = ViewController.m; sourceTree = "<group>"; };
		8512410418790365000DDD44 /* Images.xcassets */ = {isa = PBXFileReference; lastKnownFileType = folder.assetcatalog; path = Images.xcassets; sourceTree = "<group>"; };
		8512410A18790365000DDD44 /* COToolsSampleTests.xctest */ = {isa = PBXFileReference; explicitFileType = wrapper.cfbundle; includeInIndex = 0; path = COToolsSampleTests.xctest; sourceTree = BUILT_PRODUCTS_DIR; };
		8512410B18790365000DDD44 /* XCTest.framework */ = {isa = PBXFileReference; lastKnownFileType = wrapper.framework; name = XCTest.framework; path = Library/Frameworks/XCTest.framework; sourceTree = DEVELOPER_DIR; };
		8512411318790365000DDD44 /* COToolsSampleTests-Info.plist */ = {isa = PBXFileReference; lastKnownFileType = text.plist.xml; path = "COToolsSampleTests-Info.plist"; sourceTree = "<group>"; };
		8512411518790365000DDD44 /* en */ = {isa = PBXFileReference; lastKnownFileType = text.plist.strings; name = en; path = en.lproj/InfoPlist.strings; sourceTree = "<group>"; };
		8512411718790365000DDD44 /* COToolsSampleTests.m */ = {isa = PBXFileReference; lastKnownFileType = sourcecode.c.objc; path = COToolsSampleTests.m; sourceTree = "<group>"; };
		85124121187903DE000DDD44 /* TestCell.xib */ = {isa = PBXFileReference; fileEncoding = 4; lastKnownFileType = file.xib; path = TestCell.xib; sourceTree = "<group>"; };
		85124122187903DE000DDD44 /* TestCell.m */ = {isa = PBXFileReference; fileEncoding = 4; lastKnownFileType = sourcecode.c.objc; path = TestCell.m; sourceTree = "<group>"; };
		85124123187903DE000DDD44 /* TestDomain.h */ = {isa = PBXFileReference; fileEncoding = 4; lastKnownFileType = sourcecode.c.h; path = TestDomain.h; sourceTree = "<group>"; };
		85124124187903DE000DDD44 /* TestCell.h */ = {isa = PBXFileReference; fileEncoding = 4; lastKnownFileType = sourcecode.c.h; path = TestCell.h; sourceTree = "<group>"; };
		85124125187903DE000DDD44 /* TestDomain.m */ = {isa = PBXFileReference; fileEncoding = 4; lastKnownFileType = sourcecode.c.objc; path = TestDomain.m; sourceTree = "<group>"; };
		85124129187903EB000DDD44 /* COTools.podspec */ = {isa = PBXFileReference; fileEncoding = 4; lastKnownFileType = text; name = COTools.podspec; path = ../../COTools.podspec; sourceTree = "<group>"; };
		8512412D187903EB000DDD44 /* COCategory.h */ = {isa = PBXFileReference; fileEncoding = 4; lastKnownFileType = sourcecode.c.h; path = COCategory.h; sourceTree = "<group>"; };
		8512412E187903EB000DDD44 /* COCategory.m */ = {isa = PBXFileReference; fileEncoding = 4; lastKnownFileType = sourcecode.c.objc; path = COCategory.m; sourceTree = "<group>"; };
		8512412F187903EB000DDD44 /* NSData+CO.h */ = {isa = PBXFileReference; fileEncoding = 4; lastKnownFileType = sourcecode.c.h; path = "NSData+CO.h"; sourceTree = "<group>"; };
		85124130187903EB000DDD44 /* NSData+CO.m */ = {isa = PBXFileReference; fileEncoding = 4; lastKnownFileType = sourcecode.c.objc; path = "NSData+CO.m"; sourceTree = "<group>"; };
		85124131187903EB000DDD44 /* NSDate+CO.h */ = {isa = PBXFileReference; fileEncoding = 4; lastKnownFileType = sourcecode.c.h; path = "NSDate+CO.h"; sourceTree = "<group>"; };
		85124132187903EB000DDD44 /* NSDate+CO.m */ = {isa = PBXFileReference; fileEncoding = 4; lastKnownFileType = sourcecode.c.objc; path = "NSDate+CO.m"; sourceTree = "<group>"; };
		85124133187903EB000DDD44 /* NSObject+CO.h */ = {isa = PBXFileReference; fileEncoding = 4; lastKnownFileType = sourcecode.c.h; path = "NSObject+CO.h"; sourceTree = "<group>"; };
		85124134187903EB000DDD44 /* NSObject+CO.m */ = {isa = PBXFileReference; fileEncoding = 4; lastKnownFileType = sourcecode.c.objc; path = "NSObject+CO.m"; sourceTree = "<group>"; };
		85124135187903EB000DDD44 /* NSString+CO.h */ = {isa = PBXFileReference; fileEncoding = 4; lastKnownFileType = sourcecode.c.h; path = "NSString+CO.h"; sourceTree = "<group>"; };
		85124136187903EB000DDD44 /* NSString+CO.m */ = {isa = PBXFileReference; fileEncoding = 4; lastKnownFileType = sourcecode.c.objc; path = "NSString+CO.m"; sourceTree = "<group>"; };
		85124137187903EB000DDD44 /* UIButton+CO.h */ = {isa = PBXFileReference; fileEncoding = 4; lastKnownFileType = sourcecode.c.h; path = "UIButton+CO.h"; sourceTree = "<group>"; };
		85124138187903EB000DDD44 /* UIButton+CO.m */ = {isa = PBXFileReference; fileEncoding = 4; lastKnownFileType = sourcecode.c.objc; path = "UIButton+CO.m"; sourceTree = "<group>"; };
		85124139187903EB000DDD44 /* UIColor+CO.h */ = {isa = PBXFileReference; fileEncoding = 4; lastKnownFileType = sourcecode.c.h; path = "UIColor+CO.h"; sourceTree = "<group>"; };
		8512413A187903EB000DDD44 /* UIColor+CO.m */ = {isa = PBXFileReference; fileEncoding = 4; lastKnownFileType = sourcecode.c.objc; path = "UIColor+CO.m"; sourceTree = "<group>"; };
		8512413B187903EB000DDD44 /* UIControl+CO.h */ = {isa = PBXFileReference; fileEncoding = 4; lastKnownFileType = sourcecode.c.h; path = "UIControl+CO.h"; sourceTree = "<group>"; };
		8512413C187903EB000DDD44 /* UIControl+CO.m */ = {isa = PBXFileReference; fileEncoding = 4; lastKnownFileType = sourcecode.c.objc; path = "UIControl+CO.m"; sourceTree = "<group>"; };
		8512413D187903EB000DDD44 /* UIDevice+CO.h */ = {isa = PBXFileReference; fileEncoding = 4; lastKnownFileType = sourcecode.c.h; path = "UIDevice+CO.h"; sourceTree = "<group>"; };
		8512413E187903EB000DDD44 /* UIDevice+CO.m */ = {isa = PBXFileReference; fileEncoding = 4; lastKnownFileType = sourcecode.c.objc; path = "UIDevice+CO.m"; sourceTree = "<group>"; };
		8512413F187903EB000DDD44 /* UIImage+CO.h */ = {isa = PBXFileReference; fileEncoding = 4; lastKnownFileType = sourcecode.c.h; path = "UIImage+CO.h"; sourceTree = "<group>"; };
		85124140187903EB000DDD44 /* UIImage+CO.m */ = {isa = PBXFileReference; fileEncoding = 4; lastKnownFileType = sourcecode.c.objc; path = "UIImage+CO.m"; sourceTree = "<group>"; };
		85124141187903EB000DDD44 /* UILabel+CO.h */ = {isa = PBXFileReference; fileEncoding = 4; lastKnownFileType = sourcecode.c.h; path = "UILabel+CO.h"; sourceTree = "<group>"; };
		85124142187903EB000DDD44 /* UILabel+CO.m */ = {isa = PBXFileReference; fileEncoding = 4; lastKnownFileType = sourcecode.c.objc; path = "UILabel+CO.m"; sourceTree = "<group>"; };
		85124143187903EB000DDD44 /* UIScrollView+CO.h */ = {isa = PBXFileReference; fileEncoding = 4; lastKnownFileType = sourcecode.c.h; path = "UIScrollView+CO.h"; sourceTree = "<group>"; };
		85124144187903EB000DDD44 /* UIScrollView+CO.m */ = {isa = PBXFileReference; fileEncoding = 4; lastKnownFileType = sourcecode.c.objc; path = "UIScrollView+CO.m"; sourceTree = "<group>"; };
		85124145187903EB000DDD44 /* UITableView+CO.h */ = {isa = PBXFileReference; fileEncoding = 4; lastKnownFileType = sourcecode.c.h; path = "UITableView+CO.h"; sourceTree = "<group>"; };
		85124146187903EB000DDD44 /* UITableView+CO.m */ = {isa = PBXFileReference; fileEncoding = 4; lastKnownFileType = sourcecode.c.objc; path = "UITableView+CO.m"; sourceTree = "<group>"; };
		85124147187903EB000DDD44 /* UITextField+CO.h */ = {isa = PBXFileReference; fileEncoding = 4; lastKnownFileType = sourcecode.c.h; path = "UITextField+CO.h"; sourceTree = "<group>"; };
		85124148187903EB000DDD44 /* UITextField+CO.m */ = {isa = PBXFileReference; fileEncoding = 4; lastKnownFileType = sourcecode.c.objc; path = "UITextField+CO.m"; sourceTree = "<group>"; };
		85124149187903EB000DDD44 /* UITextView+CO.h */ = {isa = PBXFileReference; fileEncoding = 4; lastKnownFileType = sourcecode.c.h; path = "UITextView+CO.h"; sourceTree = "<group>"; };
		8512414A187903EB000DDD44 /* UITextView+CO.m */ = {isa = PBXFileReference; fileEncoding = 4; lastKnownFileType = sourcecode.c.objc; path = "UITextView+CO.m"; sourceTree = "<group>"; };
		8512414B187903EB000DDD44 /* UIView+CO.h */ = {isa = PBXFileReference; fileEncoding = 4; lastKnownFileType = sourcecode.c.h; path = "UIView+CO.h"; sourceTree = "<group>"; };
		8512414C187903EB000DDD44 /* UIView+CO.m */ = {isa = PBXFileReference; fileEncoding = 4; lastKnownFileType = sourcecode.c.objc; path = "UIView+CO.m"; sourceTree = "<group>"; };
		8512414E187903EB000DDD44 /* COAppTool.h */ = {isa = PBXFileReference; fileEncoding = 4; lastKnownFileType = sourcecode.c.h; path = COAppTool.h; sourceTree = "<group>"; };
		8512414F187903EB000DDD44 /* COAppTool.m */ = {isa = PBXFileReference; fileEncoding = 4; lastKnownFileType = sourcecode.c.objc; path = COAppTool.m; sourceTree = "<group>"; };
		85124150187903EB000DDD44 /* COBaseTool.h */ = {isa = PBXFileReference; fileEncoding = 4; lastKnownFileType = sourcecode.c.h; path = COBaseTool.h; sourceTree = "<group>"; };
		85124151187903EB000DDD44 /* COBaseTool.m */ = {isa = PBXFileReference; fileEncoding = 4; lastKnownFileType = sourcecode.c.objc; path = COBaseTool.m; sourceTree = "<group>"; };
		85124152187903EB000DDD44 /* COBlockTool.h */ = {isa = PBXFileReference; fileEncoding = 4; lastKnownFileType = sourcecode.c.h; path = COBlockTool.h; sourceTree = "<group>"; };
		85124153187903EB000DDD44 /* COBlockTool.m */ = {isa = PBXFileReference; fileEncoding = 4; lastKnownFileType = sourcecode.c.objc; path = COBlockTool.m; sourceTree = "<group>"; };
		85124154187903EB000DDD44 /* COCommTool.h */ = {isa = PBXFileReference; fileEncoding = 4; lastKnownFileType = sourcecode.c.h; path = COCommTool.h; sourceTree = "<group>"; };
		85124155187903EB000DDD44 /* COCommTool.m */ = {isa = PBXFileReference; fileEncoding = 4; lastKnownFileType = sourcecode.c.objc; path = COCommTool.m; sourceTree = "<group>"; };
		85124156187903EB000DDD44 /* COCrashTool.h */ = {isa = PBXFileReference; fileEncoding = 4; lastKnownFileType = sourcecode.c.h; path = COCrashTool.h; sourceTree = "<group>"; };
		85124157187903EB000DDD44 /* COCrashTool.m */ = {isa = PBXFileReference; fileEncoding = 4; lastKnownFileType = sourcecode.c.objc; path = COCrashTool.m; sourceTree = "<group>"; };
		85124158187903EB000DDD44 /* CODefineTool.h */ = {isa = PBXFileReference; fileEncoding = 4; lastKnownFileType = sourcecode.c.h; path = CODefineTool.h; sourceTree = "<group>"; };
		85124159187903EB000DDD44 /* CODefineTool.m */ = {isa = PBXFileReference; fileEncoding = 4; lastKnownFileType = sourcecode.c.objc; path = CODefineTool.m; sourceTree = "<group>"; };
		8512415A187903EB000DDD44 /* COImagePickerTool.h */ = {isa = PBXFileReference; fileEncoding = 4; lastKnownFileType = sourcecode.c.h; path = COImagePickerTool.h; sourceTree = "<group>"; };
		8512415B187903EB000DDD44 /* COImagePickerTool.m */ = {isa = PBXFileReference; fileEncoding = 4; lastKnownFileType = sourcecode.c.objc; path = COImagePickerTool.m; sourceTree = "<group>"; };
		8512415C187903EB000DDD44 /* COLogTool.h */ = {isa = PBXFileReference; fileEncoding = 4; lastKnownFileType = sourcecode.c.h; path = COLogTool.h; sourceTree = "<group>"; };
		8512415D187903EB000DDD44 /* COLogTool.m */ = {isa = PBXFileReference; fileEncoding = 4; lastKnownFileType = sourcecode.c.objc; path = COLogTool.m; sourceTree = "<group>"; };
		8512415E187903EB000DDD44 /* COPhoneTool.h */ = {isa = PBXFileReference; fileEncoding = 4; lastKnownFileType = sourcecode.c.h; path = COPhoneTool.h; sourceTree = "<group>"; };
		8512415F187903EB000DDD44 /* COPhoneTool.m */ = {isa = PBXFileReference; fileEncoding = 4; lastKnownFileType = sourcecode.c.objc; path = COPhoneTool.m; sourceTree = "<group>"; };
		85124160187903EB000DDD44 /* TableViewDataHandler.h */ = {isa = PBXFileReference; fileEncoding = 4; lastKnownFileType = sourcecode.c.h; path = TableViewDataHandler.h; sourceTree = "<group>"; };
		85124161187903EB000DDD44 /* TableViewDataHandler.m */ = {isa = PBXFileReference; fileEncoding = 4; lastKnownFileType = sourcecode.c.objc; path = TableViewDataHandler.m; sourceTree = "<group>"; };
		85124165187903EB000DDD44 /* COBaseCell.h */ = {isa = PBXFileReference; fileEncoding = 4; lastKnownFileType = sourcecode.c.h; path = COBaseCell.h; sourceTree = "<group>"; };
		85124166187903EB000DDD44 /* COBaseCell.m */ = {isa = PBXFileReference; fileEncoding = 4; lastKnownFileType = sourcecode.c.objc; path = COBaseCell.m; sourceTree = "<group>"; };
		85124167187903EB000DDD44 /* COBaseDomain.h */ = {isa = PBXFileReference; fileEncoding = 4; lastKnownFileType = sourcecode.c.h; path = COBaseDomain.h; sourceTree = "<group>"; };
		85124168187903EB000DDD44 /* COBaseDomain.m */ = {isa = PBXFileReference; fileEncoding = 4; lastKnownFileType = sourcecode.c.objc; path = COBaseDomain.m; sourceTree = "<group>"; };
		85124169187903EB000DDD44 /* COBaseV.h */ = {isa = PBXFileReference; fileEncoding = 4; lastKnownFileType = sourcecode.c.h; path = COBaseV.h; sourceTree = "<group>"; };
		8512416A187903EB000DDD44 /* COBaseV.m */ = {isa = PBXFileReference; fileEncoding = 4; lastKnownFileType = sourcecode.c.objc; path = COBaseV.m; sourceTree = "<group>"; };
		8512416B187903EB000DDD44 /* COBaseVC.h */ = {isa = PBXFileReference; fileEncoding = 4; lastKnownFileType = sourcecode.c.h; path = COBaseVC.h; sourceTree = "<group>"; };
		8512416C187903EB000DDD44 /* COBaseVC.m */ = {isa = PBXFileReference; fileEncoding = 4; lastKnownFileType = sourcecode.c.objc; path = COBaseVC.m; sourceTree = "<group>"; };
		85124170187903EB000DDD44 /* test */ = {isa = PBXFileReference; fileEncoding = 4; lastKnownFileType = text; path = test; sourceTree = "<group>"; };
		8512419318794165000DDD44 /* COParseTool.h */ = {isa = PBXFileReference; fileEncoding = 4; lastKnownFileType = sourcecode.c.h; path = COParseTool.h; sourceTree = "<group>"; };
		8512419418794165000DDD44 /* COParseTool.m */ = {isa = PBXFileReference; fileEncoding = 4; lastKnownFileType = sourcecode.c.objc; path = COParseTool.m; sourceTree = "<group>"; };
		8512419618794222000DDD44 /* COTools.h */ = {isa = PBXFileReference; fileEncoding = 4; lastKnownFileType = sourcecode.c.h; path = COTools.h; sourceTree = "<group>"; };
		8512419718794222000DDD44 /* COTools.m */ = {isa = PBXFileReference; fileEncoding = 4; lastKnownFileType = sourcecode.c.objc; path = COTools.m; sourceTree = "<group>"; };
		8512419918794230000DDD44 /* COUtils.h */ = {isa = PBXFileReference; fileEncoding = 4; lastKnownFileType = sourcecode.c.h; path = COUtils.h; sourceTree = "<group>"; };
		8512419A18794230000DDD44 /* COUtils.m */ = {isa = PBXFileReference; fileEncoding = 4; lastKnownFileType = sourcecode.c.objc; path = COUtils.m; sourceTree = "<group>"; };
		8535AF69188FAE5500ED38EB /* JsonParseTest.m */ = {isa = PBXFileReference; fileEncoding = 4; lastKnownFileType = sourcecode.c.objc; path = JsonParseTest.m; sourceTree = "<group>"; };
		8535AFAF188FB28A00ED38EB /* User.h */ = {isa = PBXFileReference; fileEncoding = 4; lastKnownFileType = sourcecode.c.h; path = User.h; sourceTree = "<group>"; };
		8535AFB0188FB28A00ED38EB /* User.m */ = {isa = PBXFileReference; fileEncoding = 4; lastKnownFileType = sourcecode.c.objc; path = User.m; sourceTree = "<group>"; };
		8535AFB2188FB38700ED38EB /* libPods.a */ = {isa = PBXFileReference; lastKnownFileType = archive.ar; name = libPods.a; path = "Pods/build/Debug-iphoneos/libPods.a"; sourceTree = "<group>"; };
		854112991924866E006F94E9 /* Identity.h */ = {isa = PBXFileReference; fileEncoding = 4; lastKnownFileType = sourcecode.c.h; path = Identity.h; sourceTree = "<group>"; };
		8541129A1924866E006F94E9 /* Identity.m */ = {isa = PBXFileReference; fileEncoding = 4; lastKnownFileType = sourcecode.c.objc; path = Identity.m; sourceTree = "<group>"; };
		8576B8296DEC4152969CA95C /* libPods-COToolsSampleTests.a */ = {isa = PBXFileReference; explicitFileType = archive.ar; includeInIndex = 0; path = "libPods-COToolsSampleTests.a"; sourceTree = BUILT_PRODUCTS_DIR; };
		8586BBAC19081DEE0036CCA8 /* BaseUser.h */ = {isa = PBXFileReference; fileEncoding = 4; lastKnownFileType = sourcecode.c.h; path = BaseUser.h; sourceTree = "<group>"; };
		8586BBAD19081DEE0036CCA8 /* BaseUser.m */ = {isa = PBXFileReference; fileEncoding = 4; lastKnownFileType = sourcecode.c.objc; path = BaseUser.m; sourceTree = "<group>"; };
		85A5986018D99FB600BF9365 /* COPListTool.h */ = {isa = PBXFileReference; fileEncoding = 4; lastKnownFileType = sourcecode.c.h; path = COPListTool.h; sourceTree = "<group>"; };
		85A5986118D99FB600BF9365 /* COPListTool.m */ = {isa = PBXFileReference; fileEncoding = 4; lastKnownFileType = sourcecode.c.objc; path = COPListTool.m; sourceTree = "<group>"; };
		85BF987818C56B7700185684 /* Test01.h */ = {isa = PBXFileReference; fileEncoding = 4; lastKnownFileType = sourcecode.c.h; path = Test01.h; sourceTree = "<group>"; };
		85BF987918C56B7700185684 /* Test01.m */ = {isa = PBXFileReference; fileEncoding = 4; lastKnownFileType = sourcecode.c.objc; path = Test01.m; sourceTree = "<group>"; };
		85BF987B18C56D7100185684 /* FruitCell.h */ = {isa = PBXFileReference; fileEncoding = 4; lastKnownFileType = sourcecode.c.h; path = FruitCell.h; sourceTree = "<group>"; };
		85BF987C18C56D7100185684 /* FruitCell.m */ = {isa = PBXFileReference; fileEncoding = 4; lastKnownFileType = sourcecode.c.objc; path = FruitCell.m; sourceTree = "<group>"; };
		85BF987E18C56D7E00185684 /* FruitCell.xib */ = {isa = PBXFileReference; fileEncoding = 4; lastKnownFileType = file.xib; path = FruitCell.xib; sourceTree = "<group>"; };
		85BF988018C56E2B00185684 /* FruitDomain.h */ = {isa = PBXFileReference; fileEncoding = 4; lastKnownFileType = sourcecode.c.h; path = FruitDomain.h; sourceTree = "<group>"; };
		85BF988118C56E2B00185684 /* FruitDomain.m */ = {isa = PBXFileReference; fileEncoding = 4; lastKnownFileType = sourcecode.c.objc; path = FruitDomain.m; sourceTree = "<group>"; };
		85BF988318C5702A00185684 /* CFNetwork.framework */ = {isa = PBXFileReference; lastKnownFileType = wrapper.framework; name = CFNetwork.framework; path = System/Library/Frameworks/CFNetwork.framework; sourceTree = SDKROOT; };
		85FA536A18CEA7E70037E9B5 /* Reveal.framework */ = {isa = PBXFileReference; lastKnownFileType = wrapper.framework; path = Reveal.framework; sourceTree = "<group>"; };
		9A49DFB699744A25B341B7A8 /* Pods.xcconfig */ = {isa = PBXFileReference; includeInIndex = 1; lastKnownFileType = text.xcconfig; name = Pods.xcconfig; path = Pods/Pods.xcconfig; sourceTree = "<group>"; };
/* End PBXFileReference section */

/* Begin PBXFrameworksBuildPhase section */
		851240E618790365000DDD44 /* Frameworks */ = {
			isa = PBXFrameworksBuildPhase;
			buildActionMask = 2147483647;
			files = (
				85BF988418C5702A00185684 /* CFNetwork.framework in Frameworks */,
				851240EF18790365000DDD44 /* CoreGraphics.framework in Frameworks */,
				851240F118790365000DDD44 /* UIKit.framework in Frameworks */,
				85FA536B18CEA7E70037E9B5 /* Reveal.framework in Frameworks */,
				851240ED18790365000DDD44 /* Foundation.framework in Frameworks */,
				B2D8A171E33040E9AD83CD58 /* libPods.a in Frameworks */,
			);
			runOnlyForDeploymentPostprocessing = 0;
		};
		8512410718790365000DDD44 /* Frameworks */ = {
			isa = PBXFrameworksBuildPhase;
			buildActionMask = 2147483647;
			files = (
				8512410C18790365000DDD44 /* XCTest.framework in Frameworks */,
				8512410E18790365000DDD44 /* UIKit.framework in Frameworks */,
				8512410D18790365000DDD44 /* Foundation.framework in Frameworks */,
				E4AF28E617A14A1D8BFE6DA7 /* libPods-COToolsSampleTests.a in Frameworks */,
			);
			runOnlyForDeploymentPostprocessing = 0;
		};
/* End PBXFrameworksBuildPhase section */

/* Begin PBXGroup section */
		851240E018790365000DDD44 = {
			isa = PBXGroup;
			children = (
				851240F218790365000DDD44 /* COToolsSample */,
				8512411118790365000DDD44 /* COToolsSampleTests */,
				851240EB18790365000DDD44 /* Frameworks */,
				851240EA18790365000DDD44 /* Products */,
				9A49DFB699744A25B341B7A8 /* Pods.xcconfig */,
				0F6A7D6589DD458F97453C94 /* Pods-COToolsSampleTests.xcconfig */,
			);
			sourceTree = "<group>";
		};
		851240EA18790365000DDD44 /* Products */ = {
			isa = PBXGroup;
			children = (
				851240E918790365000DDD44 /* COToolsSample.app */,
				8512410A18790365000DDD44 /* COToolsSampleTests.xctest */,
			);
			name = Products;
			sourceTree = "<group>";
		};
		851240EB18790365000DDD44 /* Frameworks */ = {
			isa = PBXGroup;
			children = (
				85FA536A18CEA7E70037E9B5 /* Reveal.framework */,
				85BF988318C5702A00185684 /* CFNetwork.framework */,
				8535AFB2188FB38700ED38EB /* libPods.a */,
				851240EC18790365000DDD44 /* Foundation.framework */,
				851240EE18790365000DDD44 /* CoreGraphics.framework */,
				851240F018790365000DDD44 /* UIKit.framework */,
				8512410B18790365000DDD44 /* XCTest.framework */,
				4F99BD25704F408090AA1DDB /* libPods.a */,
				8576B8296DEC4152969CA95C /* libPods-COToolsSampleTests.a */,
			);
			name = Frameworks;
			sourceTree = "<group>";
		};
		851240F218790365000DDD44 /* COToolsSample */ = {
			isa = PBXGroup;
			children = (
				85124129187903EB000DDD44 /* COTools.podspec */,
				8512412A187903EB000DDD44 /* COTools */,
				85124121187903DE000DDD44 /* TestCell.xib */,
				85124122187903DE000DDD44 /* TestCell.m */,
				85124123187903DE000DDD44 /* TestDomain.h */,
				85124124187903DE000DDD44 /* TestCell.h */,
				85124125187903DE000DDD44 /* TestDomain.m */,
				851240FB18790365000DDD44 /* AppDelegate.h */,
				851240FC18790365000DDD44 /* AppDelegate.m */,
				851240FE18790365000DDD44 /* Main.storyboard */,
				8512410118790365000DDD44 /* ViewController.h */,
				8512410218790365000DDD44 /* ViewController.m */,
				8512410418790365000DDD44 /* Images.xcassets */,
				851240F318790365000DDD44 /* Supporting Files */,
				85BF987818C56B7700185684 /* Test01.h */,
				85BF987918C56B7700185684 /* Test01.m */,
				85BF987B18C56D7100185684 /* FruitCell.h */,
				85BF987C18C56D7100185684 /* FruitCell.m */,
				85BF987E18C56D7E00185684 /* FruitCell.xib */,
				85BF988018C56E2B00185684 /* FruitDomain.h */,
				85BF988118C56E2B00185684 /* FruitDomain.m */,
			);
			path = COToolsSample;
			sourceTree = "<group>";
		};
		851240F318790365000DDD44 /* Supporting Files */ = {
			isa = PBXGroup;
			children = (
				851240F418790365000DDD44 /* COToolsSample-Info.plist */,
				851240F518790365000DDD44 /* InfoPlist.strings */,
				851240F818790365000DDD44 /* main.m */,
				851240FA18790365000DDD44 /* COToolsSample-Prefix.pch */,
			);
			name = "Supporting Files";
			sourceTree = "<group>";
		};
		8512411118790365000DDD44 /* COToolsSampleTests */ = {
			isa = PBXGroup;
			children = (
				8535AF68188FAE2700ED38EB /* COToolCateTest */,
				8512411718790365000DDD44 /* COToolsSampleTests.m */,
				8512411218790365000DDD44 /* Supporting Files */,
			);
			path = COToolsSampleTests;
			sourceTree = "<group>";
		};
		8512411218790365000DDD44 /* Supporting Files */ = {
			isa = PBXGroup;
			children = (
				8512411318790365000DDD44 /* COToolsSampleTests-Info.plist */,
				8512411418790365000DDD44 /* InfoPlist.strings */,
			);
			name = "Supporting Files";
			sourceTree = "<group>";
		};
		8512412A187903EB000DDD44 /* COTools */ = {
			isa = PBXGroup;
			children = (
				8512412B187903EB000DDD44 /* core */,
				85124170187903EB000DDD44 /* test */,
			);
			name = COTools;
			path = ../../COTools;
			sourceTree = "<group>";
		};
		8512412B187903EB000DDD44 /* core */ = {
			isa = PBXGroup;
			children = (
				8512412C187903EB000DDD44 /* COCategory */,
				8512414D187903EB000DDD44 /* COTools */,
				85124164187903EB000DDD44 /* COBase */,
				8512419918794230000DDD44 /* COUtils.h */,
				8512419A18794230000DDD44 /* COUtils.m */,
			);
			path = core;
			sourceTree = "<group>";
		};
		8512412C187903EB000DDD44 /* COCategory */ = {
			isa = PBXGroup;
			children = (
				8512412D187903EB000DDD44 /* COCategory.h */,
				8512412E187903EB000DDD44 /* COCategory.m */,
				8512412F187903EB000DDD44 /* NSData+CO.h */,
				85124130187903EB000DDD44 /* NSData+CO.m */,
				85124131187903EB000DDD44 /* NSDate+CO.h */,
				85124132187903EB000DDD44 /* NSDate+CO.m */,
				85124133187903EB000DDD44 /* NSObject+CO.h */,
				85124134187903EB000DDD44 /* NSObject+CO.m */,
				85124135187903EB000DDD44 /* NSString+CO.h */,
				85124136187903EB000DDD44 /* NSString+CO.m */,
				85124137187903EB000DDD44 /* UIButton+CO.h */,
				85124138187903EB000DDD44 /* UIButton+CO.m */,
				85124139187903EB000DDD44 /* UIColor+CO.h */,
				8512413A187903EB000DDD44 /* UIColor+CO.m */,
				8512413B187903EB000DDD44 /* UIControl+CO.h */,
				8512413C187903EB000DDD44 /* UIControl+CO.m */,
				8512413D187903EB000DDD44 /* UIDevice+CO.h */,
				8512413E187903EB000DDD44 /* UIDevice+CO.m */,
				8512413F187903EB000DDD44 /* UIImage+CO.h */,
				85124140187903EB000DDD44 /* UIImage+CO.m */,
				85124141187903EB000DDD44 /* UILabel+CO.h */,
				85124142187903EB000DDD44 /* UILabel+CO.m */,
				85124143187903EB000DDD44 /* UIScrollView+CO.h */,
				85124144187903EB000DDD44 /* UIScrollView+CO.m */,
				85124145187903EB000DDD44 /* UITableView+CO.h */,
				85124146187903EB000DDD44 /* UITableView+CO.m */,
				85124147187903EB000DDD44 /* UITextField+CO.h */,
				85124148187903EB000DDD44 /* UITextField+CO.m */,
				85124149187903EB000DDD44 /* UITextView+CO.h */,
				8512414A187903EB000DDD44 /* UITextView+CO.m */,
				8512414B187903EB000DDD44 /* UIView+CO.h */,
				8512414C187903EB000DDD44 /* UIView+CO.m */,
			);
			path = COCategory;
			sourceTree = "<group>";
		};
		8512414D187903EB000DDD44 /* COTools */ = {
			isa = PBXGroup;
			children = (
				8512419618794222000DDD44 /* COTools.h */,
				8512419718794222000DDD44 /* COTools.m */,
				8512414E187903EB000DDD44 /* COAppTool.h */,
				8512414F187903EB000DDD44 /* COAppTool.m */,
				85124150187903EB000DDD44 /* COBaseTool.h */,
				85124151187903EB000DDD44 /* COBaseTool.m */,
				85124152187903EB000DDD44 /* COBlockTool.h */,
				85124153187903EB000DDD44 /* COBlockTool.m */,
				85124154187903EB000DDD44 /* COCommTool.h */,
				85124155187903EB000DDD44 /* COCommTool.m */,
				85124156187903EB000DDD44 /* COCrashTool.h */,
				85124157187903EB000DDD44 /* COCrashTool.m */,
				85124158187903EB000DDD44 /* CODefineTool.h */,
				85124159187903EB000DDD44 /* CODefineTool.m */,
				8512415A187903EB000DDD44 /* COImagePickerTool.h */,
				8512415B187903EB000DDD44 /* COImagePickerTool.m */,
				8512415C187903EB000DDD44 /* COLogTool.h */,
				8512415D187903EB000DDD44 /* COLogTool.m */,
				8512415E187903EB000DDD44 /* COPhoneTool.h */,
				8512415F187903EB000DDD44 /* COPhoneTool.m */,
				85124160187903EB000DDD44 /* TableViewDataHandler.h */,
				85124161187903EB000DDD44 /* TableViewDataHandler.m */,
				8512419318794165000DDD44 /* COParseTool.h */,
				8512419418794165000DDD44 /* COParseTool.m */,
				85A5986018D99FB600BF9365 /* COPListTool.h */,
				85A5986118D99FB600BF9365 /* COPListTool.m */,
			);
			path = COTools;
			sourceTree = "<group>";
		};
		85124164187903EB000DDD44 /* COBase */ = {
			isa = PBXGroup;
			children = (
				85124165187903EB000DDD44 /* COBaseCell.h */,
				85124166187903EB000DDD44 /* COBaseCell.m */,
				85124167187903EB000DDD44 /* COBaseDomain.h */,
				85124168187903EB000DDD44 /* COBaseDomain.m */,
				85124169187903EB000DDD44 /* COBaseV.h */,
				8512416A187903EB000DDD44 /* COBaseV.m */,
				8512416B187903EB000DDD44 /* COBaseVC.h */,
				8512416C187903EB000DDD44 /* COBaseVC.m */,
			);
			name = COBase;
			path = COView;
			sourceTree = "<group>";
		};
		8535AF68188FAE2700ED38EB /* COToolCateTest */ = {
			isa = PBXGroup;
			children = (
				8535AF69188FAE5500ED38EB /* JsonParseTest.m */,
				8535AFAF188FB28A00ED38EB /* User.h */,
				8535AFB0188FB28A00ED38EB /* User.m */,
				8586BBAC19081DEE0036CCA8 /* BaseUser.h */,
				8586BBAD19081DEE0036CCA8 /* BaseUser.m */,
				854112991924866E006F94E9 /* Identity.h */,
				8541129A1924866E006F94E9 /* Identity.m */,
			);
			path = COToolCateTest;
			sourceTree = "<group>";
		};
/* End PBXGroup section */

/* Begin PBXNativeTarget section */
		851240E818790365000DDD44 /* COToolsSample */ = {
			isa = PBXNativeTarget;
			buildConfigurationList = 8512411B18790365000DDD44 /* Build configuration list for PBXNativeTarget "COToolsSample" */;
			buildPhases = (
				892090CDBCED48DAAAE17347 /* Check Pods Manifest.lock */,
				851240E518790365000DDD44 /* Sources */,
				851240E618790365000DDD44 /* Frameworks */,
				851240E718790365000DDD44 /* Resources */,
				8E8E055BCF604239BFD2A856 /* Copy Pods Resources */,
			);
			buildRules = (
			);
			dependencies = (
			);
			name = COToolsSample;
			productName = COToolsSample;
			productReference = 851240E918790365000DDD44 /* COToolsSample.app */;
			productType = "com.apple.product-type.application";
		};
		8512410918790365000DDD44 /* COToolsSampleTests */ = {
			isa = PBXNativeTarget;
			buildConfigurationList = 8512411E18790365000DDD44 /* Build configuration list for PBXNativeTarget "COToolsSampleTests" */;
			buildPhases = (
				4DCEB921DC2F4BF694390339 /* Check Pods Manifest.lock */,
				8512410618790365000DDD44 /* Sources */,
				8512410718790365000DDD44 /* Frameworks */,
				8512410818790365000DDD44 /* Resources */,
				C25013603F634BB0AAEC7223 /* Copy Pods Resources */,
			);
			buildRules = (
			);
			dependencies = (
				8512411018790365000DDD44 /* PBXTargetDependency */,
			);
			name = COToolsSampleTests;
			productName = COToolsSampleTests;
			productReference = 8512410A18790365000DDD44 /* COToolsSampleTests.xctest */;
			productType = "com.apple.product-type.bundle.unit-test";
		};
/* End PBXNativeTarget section */

/* Begin PBXProject section */
		851240E118790365000DDD44 /* Project object */ = {
			isa = PBXProject;
			attributes = {
				LastUpgradeCheck = 0510;
				ORGANIZATIONNAME = carlosk;
				TargetAttributes = {
					8512410918790365000DDD44 = {
						TestTargetID = 851240E818790365000DDD44;
					};
				};
			};
			buildConfigurationList = 851240E418790365000DDD44 /* Build configuration list for PBXProject "COToolsSample" */;
			compatibilityVersion = "Xcode 3.2";
			developmentRegion = English;
			hasScannedForEncodings = 0;
			knownRegions = (
				en,
				Base,
			);
			mainGroup = 851240E018790365000DDD44;
			productRefGroup = 851240EA18790365000DDD44 /* Products */;
			projectDirPath = "";
			projectRoot = "";
			targets = (
				851240E818790365000DDD44 /* COToolsSample */,
				8512410918790365000DDD44 /* COToolsSampleTests */,
			);
		};
/* End PBXProject section */

/* Begin PBXResourcesBuildPhase section */
		851240E718790365000DDD44 /* Resources */ = {
			isa = PBXResourcesBuildPhase;
			buildActionMask = 2147483647;
			files = (
				8512410518790365000DDD44 /* Images.xcassets in Resources */,
				85124126187903DE000DDD44 /* TestCell.xib in Resources */,
				85124192187903EB000DDD44 /* test in Resources */,
				851240F718790365000DDD44 /* InfoPlist.strings in Resources */,
				8512410018790365000DDD44 /* Main.storyboard in Resources */,
				85124171187903EB000DDD44 /* COTools.podspec in Resources */,
				85BF987F18C56D7E00185684 /* FruitCell.xib in Resources */,
			);
			runOnlyForDeploymentPostprocessing = 0;
		};
		8512410818790365000DDD44 /* Resources */ = {
			isa = PBXResourcesBuildPhase;
			buildActionMask = 2147483647;
			files = (
				8512411618790365000DDD44 /* InfoPlist.strings in Resources */,
			);
			runOnlyForDeploymentPostprocessing = 0;
		};
/* End PBXResourcesBuildPhase section */

/* Begin PBXShellScriptBuildPhase section */
		4DCEB921DC2F4BF694390339 /* Check Pods Manifest.lock */ = {
			isa = PBXShellScriptBuildPhase;
			buildActionMask = 2147483647;
			files = (
			);
			inputPaths = (
			);
			name = "Check Pods Manifest.lock";
			outputPaths = (
			);
			runOnlyForDeploymentPostprocessing = 0;
			shellPath = /bin/sh;
			shellScript = "diff \"${PODS_ROOT}/../Podfile.lock\" \"${PODS_ROOT}/Manifest.lock\" > /dev/null\nif [[ $? != 0 ]] ; then\n    cat << EOM\nerror: The sandbox is not in sync with the Podfile.lock. Run 'pod install' or update your CocoaPods installation.\nEOM\n    exit 1\nfi\n";
			showEnvVarsInLog = 0;
		};
		892090CDBCED48DAAAE17347 /* Check Pods Manifest.lock */ = {
			isa = PBXShellScriptBuildPhase;
			buildActionMask = 2147483647;
			files = (
			);
			inputPaths = (
			);
			name = "Check Pods Manifest.lock";
			outputPaths = (
			);
			runOnlyForDeploymentPostprocessing = 0;
			shellPath = /bin/sh;
			shellScript = "diff \"${PODS_ROOT}/../Podfile.lock\" \"${PODS_ROOT}/Manifest.lock\" > /dev/null\nif [[ $? != 0 ]] ; then\n    cat << EOM\nerror: The sandbox is not in sync with the Podfile.lock. Run 'pod install' or update your CocoaPods installation.\nEOM\n    exit 1\nfi\n";
			showEnvVarsInLog = 0;
		};
		8E8E055BCF604239BFD2A856 /* Copy Pods Resources */ = {
			isa = PBXShellScriptBuildPhase;
			buildActionMask = 2147483647;
			files = (
			);
			inputPaths = (
			);
			name = "Copy Pods Resources";
			outputPaths = (
			);
			runOnlyForDeploymentPostprocessing = 0;
			shellPath = /bin/sh;
			shellScript = "\"${SRCROOT}/Pods/Pods-resources.sh\"\n";
			showEnvVarsInLog = 0;
		};
		C25013603F634BB0AAEC7223 /* Copy Pods Resources */ = {
			isa = PBXShellScriptBuildPhase;
			buildActionMask = 2147483647;
			files = (
			);
			inputPaths = (
			);
			name = "Copy Pods Resources";
			outputPaths = (
			);
			runOnlyForDeploymentPostprocessing = 0;
			shellPath = /bin/sh;
			shellScript = "\"${SRCROOT}/Pods/Pods-COToolsSampleTests-resources.sh\"\n";
			showEnvVarsInLog = 0;
		};
/* End PBXShellScriptBuildPhase section */

/* Begin PBXSourcesBuildPhase section */
		851240E518790365000DDD44 /* Sources */ = {
			isa = PBXSourcesBuildPhase;
			buildActionMask = 2147483647;
			files = (
				85124185187903EB000DDD44 /* COCommTool.m in Sources */,
				8512410318790365000DDD44 /* ViewController.m in Sources */,
				85BF988218C56E2B00185684 /* FruitDomain.m in Sources */,
				85124180187903EB000DDD44 /* UITextView+CO.m in Sources */,
				8512417E187903EB000DDD44 /* UITableView+CO.m in Sources */,
				8512417A187903EB000DDD44 /* UIDevice+CO.m in Sources */,
				8512417C187903EB000DDD44 /* UILabel+CO.m in Sources */,
				8512418B187903EB000DDD44 /* TableViewDataHandler.m in Sources */,
				85124190187903EB000DDD44 /* COBaseVC.m in Sources */,
				85124176187903EB000DDD44 /* NSString+CO.m in Sources */,
				85124188187903EB000DDD44 /* COImagePickerTool.m in Sources */,
				8512419518794165000DDD44 /* COParseTool.m in Sources */,
				8512419B18794230000DDD44 /* COUtils.m in Sources */,
				85124186187903EB000DDD44 /* COCrashTool.m in Sources */,
				85124127187903DE000DDD44 /* TestCell.m in Sources */,
				85124181187903EB000DDD44 /* UIView+CO.m in Sources */,
				85124174187903EB000DDD44 /* NSDate+CO.m in Sources */,
				85124128187903DE000DDD44 /* TestDomain.m in Sources */,
				85124175187903EB000DDD44 /* NSObject+CO.m in Sources */,
				85124182187903EB000DDD44 /* COAppTool.m in Sources */,
				85124189187903EB000DDD44 /* COLogTool.m in Sources */,
				8512418A187903EB000DDD44 /* COPhoneTool.m in Sources */,
				85124187187903EB000DDD44 /* CODefineTool.m in Sources */,
				8512418F187903EB000DDD44 /* COBaseV.m in Sources */,
				851240FD18790365000DDD44 /* AppDelegate.m in Sources */,
				85124177187903EB000DDD44 /* UIButton+CO.m in Sources */,
				851240F918790365000DDD44 /* main.m in Sources */,
				8512417B187903EB000DDD44 /* UIImage+CO.m in Sources */,
				8512418E187903EB000DDD44 /* COBaseDomain.m in Sources */,
				8512417F187903EB000DDD44 /* UITextField+CO.m in Sources */,
				85124178187903EB000DDD44 /* UIColor+CO.m in Sources */,
				85A5986218D99FB600BF9365 /* COPListTool.m in Sources */,
				85124179187903EB000DDD44 /* UIControl+CO.m in Sources */,
				85124184187903EB000DDD44 /* COBlockTool.m in Sources */,
				85124183187903EB000DDD44 /* COBaseTool.m in Sources */,
				8512418D187903EB000DDD44 /* COBaseCell.m in Sources */,
				85124172187903EB000DDD44 /* COCategory.m in Sources */,
				85BF987A18C56B7700185684 /* Test01.m in Sources */,
				8512419818794222000DDD44 /* COTools.m in Sources */,
				8512417D187903EB000DDD44 /* UIScrollView+CO.m in Sources */,
				85BF987D18C56D7100185684 /* FruitCell.m in Sources */,
				85124173187903EB000DDD44 /* NSData+CO.m in Sources */,
			);
			runOnlyForDeploymentPostprocessing = 0;
		};
		8512410618790365000DDD44 /* Sources */ = {
			isa = PBXSourcesBuildPhase;
			buildActionMask = 2147483647;
			files = (
				8535AFDD188FB69800ED38EB /* User.m in Sources */,
				8535AFBB188FB64A00ED38EB /* COCategory.m in Sources */,
				8535AFBC188FB64A00ED38EB /* NSData+CO.m in Sources */,
				8586BBAE19081DEE0036CCA8 /* BaseUser.m in Sources */,
				8535AFBD188FB64A00ED38EB /* NSDate+CO.m in Sources */,
				8535AFBE188FB64A00ED38EB /* NSObject+CO.m in Sources */,
				8535AFBF188FB64A00ED38EB /* NSString+CO.m in Sources */,
				8535AFC0188FB64A00ED38EB /* UIButton+CO.m in Sources */,
				8535AFC1188FB64A00ED38EB /* UIColor+CO.m in Sources */,
				8535AFC2188FB64A00ED38EB /* UIControl+CO.m in Sources */,
				8535AFC3188FB64A00ED38EB /* UIDevice+CO.m in Sources */,
				8535AFC4188FB64A00ED38EB /* UIImage+CO.m in Sources */,
				8535AFC5188FB64A00ED38EB /* UILabel+CO.m in Sources */,
				8535AFC6188FB64A00ED38EB /* UIScrollView+CO.m in Sources */,
				8535AFC7188FB64A00ED38EB /* UITableView+CO.m in Sources */,
				8541129B1924866E006F94E9 /* Identity.m in Sources */,
				8535AFC8188FB64A00ED38EB /* UITextField+CO.m in Sources */,
				8535AFC9188FB64A00ED38EB /* UITextView+CO.m in Sources */,
				8535AFCA188FB64A00ED38EB /* UIView+CO.m in Sources */,
				8535AFCB188FB64A00ED38EB /* COTools.m in Sources */,
				8535AFCC188FB64A00ED38EB /* COAppTool.m in Sources */,
				8535AFCD188FB64A00ED38EB /* COBaseTool.m in Sources */,
				8535AFCE188FB64A00ED38EB /* COBlockTool.m in Sources */,
				8535AFCF188FB64A00ED38EB /* COCommTool.m in Sources */,
				8535AFD0188FB64A00ED38EB /* COCrashTool.m in Sources */,
				8535AFD1188FB64A00ED38EB /* CODefineTool.m in Sources */,
				8535AFD2188FB64A00ED38EB /* COImagePickerTool.m in Sources */,
				8535AFD3188FB64A00ED38EB /* COLogTool.m in Sources */,
				8535AFD4188FB64A00ED38EB /* COPhoneTool.m in Sources */,
				8535AFD5188FB64A00ED38EB /* TableViewDataHandler.m in Sources */,
				8535AFD6188FB64A00ED38EB /* COParseTool.m in Sources */,
				8535AFD7188FB64A00ED38EB /* COBaseCell.m in Sources */,
				8535AFD8188FB64A00ED38EB /* COBaseDomain.m in Sources */,
				8535AFD9188FB64A00ED38EB /* COBaseV.m in Sources */,
				8535AFDA188FB64A00ED38EB /* COBaseVC.m in Sources */,
				8535AFDC188FB64A00ED38EB /* COUtils.m in Sources */,
				8512411818790365000DDD44 /* COToolsSampleTests.m in Sources */,
				8535AF6A188FAE5500ED38EB /* JsonParseTest.m in Sources */,
			);
			runOnlyForDeploymentPostprocessing = 0;
		};
/* End PBXSourcesBuildPhase section */

/* Begin PBXTargetDependency section */
		8512411018790365000DDD44 /* PBXTargetDependency */ = {
			isa = PBXTargetDependency;
			target = 851240E818790365000DDD44 /* COToolsSample */;
			targetProxy = 8512410F18790365000DDD44 /* PBXContainerItemProxy */;
		};
/* End PBXTargetDependency section */

/* Begin PBXVariantGroup section */
		851240F518790365000DDD44 /* InfoPlist.strings */ = {
			isa = PBXVariantGroup;
			children = (
				851240F618790365000DDD44 /* en */,
			);
			name = InfoPlist.strings;
			sourceTree = "<group>";
		};
		851240FE18790365000DDD44 /* Main.storyboard */ = {
			isa = PBXVariantGroup;
			children = (
				851240FF18790365000DDD44 /* Base */,
			);
			name = Main.storyboard;
			sourceTree = "<group>";
		};
		8512411418790365000DDD44 /* InfoPlist.strings */ = {
			isa = PBXVariantGroup;
			children = (
				8512411518790365000DDD44 /* en */,
			);
			name = InfoPlist.strings;
			sourceTree = "<group>";
		};
/* End PBXVariantGroup section */

/* Begin XCBuildConfiguration section */
		8512411918790365000DDD44 /* Debug */ = {
			isa = XCBuildConfiguration;
			buildSettings = {
				ALWAYS_SEARCH_USER_PATHS = NO;
				CLANG_CXX_LANGUAGE_STANDARD = "gnu++0x";
				CLANG_CXX_LIBRARY = "libc++";
				CLANG_ENABLE_MODULES = YES;
				CLANG_ENABLE_OBJC_ARC = YES;
				CLANG_WARN_BOOL_CONVERSION = YES;
				CLANG_WARN_CONSTANT_CONVERSION = YES;
				CLANG_WARN_DIRECT_OBJC_ISA_USAGE = YES_ERROR;
				CLANG_WARN_EMPTY_BODY = YES;
				CLANG_WARN_ENUM_CONVERSION = YES;
				CLANG_WARN_INT_CONVERSION = YES;
				CLANG_WARN_OBJC_ROOT_CLASS = YES_ERROR;
				CLANG_WARN__DUPLICATE_METHOD_MATCH = YES;
				"CODE_SIGN_IDENTITY[sdk=iphoneos*]" = "iPhone Developer";
				COPY_PHASE_STRIP = NO;
				GCC_C_LANGUAGE_STANDARD = gnu99;
				GCC_DYNAMIC_NO_PIC = NO;
				GCC_OPTIMIZATION_LEVEL = 0;
				GCC_PREPROCESSOR_DEFINITIONS = (
					"DEBUG=1",
					"$(inherited)",
				);
				GCC_SYMBOLS_PRIVATE_EXTERN = NO;
				GCC_WARN_64_TO_32_BIT_CONVERSION = YES;
				GCC_WARN_ABOUT_RETURN_TYPE = YES_ERROR;
				GCC_WARN_UNDECLARED_SELECTOR = YES;
				GCC_WARN_UNINITIALIZED_AUTOS = YES;
				GCC_WARN_UNUSED_FUNCTION = YES;
				GCC_WARN_UNUSED_VARIABLE = YES;
				IPHONEOS_DEPLOYMENT_TARGET = 7.0;
				ONLY_ACTIVE_ARCH = YES;
				SDKROOT = iphoneos;
			};
			name = Debug;
		};
		8512411A18790365000DDD44 /* Release */ = {
			isa = XCBuildConfiguration;
			buildSettings = {
				ALWAYS_SEARCH_USER_PATHS = NO;
				CLANG_CXX_LANGUAGE_STANDARD = "gnu++0x";
				CLANG_CXX_LIBRARY = "libc++";
				CLANG_ENABLE_MODULES = YES;
				CLANG_ENABLE_OBJC_ARC = YES;
				CLANG_WARN_BOOL_CONVERSION = YES;
				CLANG_WARN_CONSTANT_CONVERSION = YES;
				CLANG_WARN_DIRECT_OBJC_ISA_USAGE = YES_ERROR;
				CLANG_WARN_EMPTY_BODY = YES;
				CLANG_WARN_ENUM_CONVERSION = YES;
				CLANG_WARN_INT_CONVERSION = YES;
				CLANG_WARN_OBJC_ROOT_CLASS = YES_ERROR;
				CLANG_WARN__DUPLICATE_METHOD_MATCH = YES;
				"CODE_SIGN_IDENTITY[sdk=iphoneos*]" = "iPhone Developer";
				COPY_PHASE_STRIP = YES;
				ENABLE_NS_ASSERTIONS = NO;
				GCC_C_LANGUAGE_STANDARD = gnu99;
				GCC_WARN_64_TO_32_BIT_CONVERSION = YES;
				GCC_WARN_ABOUT_RETURN_TYPE = YES_ERROR;
				GCC_WARN_UNDECLARED_SELECTOR = YES;
				GCC_WARN_UNINITIALIZED_AUTOS = YES;
				GCC_WARN_UNUSED_FUNCTION = YES;
				GCC_WARN_UNUSED_VARIABLE = YES;
				IPHONEOS_DEPLOYMENT_TARGET = 7.0;
				SDKROOT = iphoneos;
				VALIDATE_PRODUCT = YES;
			};
			name = Release;
		};
		8512411C18790365000DDD44 /* Debug */ = {
			isa = XCBuildConfiguration;
			baseConfigurationReference = 9A49DFB699744A25B341B7A8 /* Pods.xcconfig */;
			buildSettings = {
				ASSETCATALOG_COMPILER_APPICON_NAME = AppIcon;
				ASSETCATALOG_COMPILER_LAUNCHIMAGE_NAME = LaunchImage;
				FRAMEWORK_SEARCH_PATHS = (
					"$(inherited)",
					/Users/carlosk/Desktop/workspace/01IOSCode/09MyFramework/COTools/COToolsSample,
					"$(PROJECT_DIR)",
				);
				GCC_PRECOMPILE_PREFIX_HEADER = YES;
				GCC_PREFIX_HEADER = "COToolsSample/COToolsSample-Prefix.pch";
				INFOPLIST_FILE = "COToolsSample/COToolsSample-Info.plist";
				IPHONEOS_DEPLOYMENT_TARGET = 6.0;
				PRODUCT_NAME = "$(TARGET_NAME)";
				WRAPPER_EXTENSION = app;
			};
			name = Debug;
		};
		8512411D18790365000DDD44 /* Release */ = {
			isa = XCBuildConfiguration;
			baseConfigurationReference = 9A49DFB699744A25B341B7A8 /* Pods.xcconfig */;
			buildSettings = {
				ASSETCATALOG_COMPILER_APPICON_NAME = AppIcon;
				ASSETCATALOG_COMPILER_LAUNCHIMAGE_NAME = LaunchImage;
				FRAMEWORK_SEARCH_PATHS = (
					"$(inherited)",
					/Users/carlosk/Desktop/workspace/01IOSCode/09MyFramework/COTools/COToolsSample,
					"$(PROJECT_DIR)",
				);
				GCC_PRECOMPILE_PREFIX_HEADER = YES;
				GCC_PREFIX_HEADER = "COToolsSample/COToolsSample-Prefix.pch";
				INFOPLIST_FILE = "COToolsSample/COToolsSample-Info.plist";
				IPHONEOS_DEPLOYMENT_TARGET = 6.0;
				PRODUCT_NAME = "$(TARGET_NAME)";
				WRAPPER_EXTENSION = app;
			};
			name = Release;
		};
		8512411F18790365000DDD44 /* Debug */ = {
			isa = XCBuildConfiguration;
			baseConfigurationReference = 0F6A7D6589DD458F97453C94 /* Pods-COToolsSampleTests.xcconfig */;
			buildSettings = {
				BUNDLE_LOADER = "$(BUILT_PRODUCTS_DIR)/COToolsSample.app/COToolsSample";
				FRAMEWORK_SEARCH_PATHS = (
					"$(SDKROOT)/Developer/Library/Frameworks",
					"$(inherited)",
					"$(DEVELOPER_FRAMEWORKS_DIR)",
				);
				GCC_PRECOMPILE_PREFIX_HEADER = YES;
				GCC_PREFIX_HEADER = "COToolsSample/COToolsSample-Prefix.pch";
				GCC_PREPROCESSOR_DEFINITIONS = (
					"DEBUG=1",
					"$(inherited)",
				);
				HEADER_SEARCH_PATHS = (
					"$(inherited)",
					/Applications/DeveloperTools/Xcode.app/Contents/Developer/Toolchains/XcodeDefault.xctoolchain/usr/include,
					"\"${PODS_ROOT}/Headers/ReactiveCocoa\"",
					"\"${PODS_ROOT}/Headers/ReactiveCocoa/ReactiveCocoa\"",
					"\"${PODS_ROOT}/Headers\"",
				);
				INFOPLIST_FILE = "COToolsSampleTests/COToolsSampleTests-Info.plist";
				PRODUCT_NAME = "$(TARGET_NAME)";
				TEST_HOST = "$(BUNDLE_LOADER)";
				WRAPPER_EXTENSION = xctest;
			};
			name = Debug;
		};
		8512412018790365000DDD44 /* Release */ = {
			isa = XCBuildConfiguration;
			baseConfigurationReference = 0F6A7D6589DD458F97453C94 /* Pods-COToolsSampleTests.xcconfig */;
			buildSettings = {
				BUNDLE_LOADER = "$(BUILT_PRODUCTS_DIR)/COToolsSample.app/COToolsSample";
				FRAMEWORK_SEARCH_PATHS = (
					"$(SDKROOT)/Developer/Library/Frameworks",
					"$(inherited)",
					"$(DEVELOPER_FRAMEWORKS_DIR)",
				);
				GCC_PRECOMPILE_PREFIX_HEADER = YES;
				GCC_PREFIX_HEADER = "COToolsSample/COToolsSample-Prefix.pch";
				HEADER_SEARCH_PATHS = (
					"$(inherited)",
					/Applications/DeveloperTools/Xcode.app/Contents/Developer/Toolchains/XcodeDefault.xctoolchain/usr/include,
					"\"${PODS_ROOT}/Headers/ReactiveCocoa\"",
					"\"${PODS_ROOT}/Headers/ReactiveCocoa/ReactiveCocoa\"",
					"\"${PODS_ROOT}/Headers\"",
				);
				INFOPLIST_FILE = "COToolsSampleTests/COToolsSampleTests-Info.plist";
				PRODUCT_NAME = "$(TARGET_NAME)";
				TEST_HOST = "$(BUNDLE_LOADER)";
				WRAPPER_EXTENSION = xctest;
			};
			name = Release;
		};
/* End XCBuildConfiguration section */

/* Begin XCConfigurationList section */
		851240E418790365000DDD44 /* Build configuration list for PBXProject "COToolsSample" */ = {
			isa = XCConfigurationList;
			buildConfigurations = (
				8512411918790365000DDD44 /* Debug */,
				8512411A18790365000DDD44 /* Release */,
			);
			defaultConfigurationIsVisible = 0;
			defaultConfigurationName = Release;
		};
		8512411B18790365000DDD44 /* Build configuration list for PBXNativeTarget "COToolsSample" */ = {
			isa = XCConfigurationList;
			buildConfigurations = (
				8512411C18790365000DDD44 /* Debug */,
				8512411D18790365000DDD44 /* Release */,
			);
			defaultConfigurationIsVisible = 0;
			defaultConfigurationName = Release;
		};
		8512411E18790365000DDD44 /* Build configuration list for PBXNativeTarget "COToolsSampleTests" */ = {
			isa = XCConfigurationList;
			buildConfigurations = (
				8512411F18790365000DDD44 /* Debug */,
				8512412018790365000DDD44 /* Release */,
			);
			defaultConfigurationIsVisible = 0;
			defaultConfigurationName = Release;
		};
/* End XCConfigurationList section */
	};
	rootObject = 851240E118790365000DDD44 /* Project object */;
}
